
Microsoft Visual Studio Solution File, Format Version 12.00
# Visual Studio Version 17
VisualStudioVersion = 17.2.32519.379
MinimumVisualStudioVersion = 10.0.40219.1
Project("{FAE04EC0-301F-11D3-BF4B-00C04F79EFBC}") = "Billetera interface", "Billetera interface\Billetera interface.csproj", "{4925148A-A353-49D2-A16C-CA39E0A5B8F0}"
EndProject
Global
	GlobalSection(SolutionConfigurationPlatforms) = preSolution
		Debug|Any CPU = Debug|Any CPU
		Release|Any CPU = Release|Any CPU
	EndGlobalSection
	GlobalSection(ProjectConfigurationPlatforms) = postSolution
		{4925148A-A353-49D2-A16C-CA39E0A5B8F0}.Debug|Any CPU.ActiveCfg = Debug|Any CPU
		{4925148A-A353-49D2-A16C-CA39E0A5B8F0}.Debug|Any CPU.Build.0 = Debug|Any CPU
		{4925148A-A353-49D2-A16C-CA39E0A5B8F0}.Release|Any CPU.ActiveCfg = Release|Any CPU
		{4925148A-A353-49D2-A16C-CA39E0A5B8F0}.Release|Any CPU.Build.0 = Release|Any CPU
	EndGlobalSection
	GlobalSection(SolutionProperties) = preSolution
		HideSolutionNode = FALSE
	EndGlobalSection
	GlobalSection(ExtensibilityGlobals) = postSolution
		SolutionGuid = {3C1FFDFC-3F3A-4317-A389-972B96C8594E}
	EndGlobalSection
EndGlobal
